
Microsoft Visual Studio Solution File, Format Version 12.00
# Visual Studio Version 17
VisualStudioVersion = 17.12.35514.174 d17.12
MinimumVisualStudioVersion = 10.0.40219.1
Project("{2150E333-8FDC-42A3-9474-1A3956D46DE8}") = "90 Presentation", "90 Presentation", "{8EEA1BF2-9613-4D3A-AB5D-DD8FA21B0ACD}"
EndProject
Project("{FAE04EC0-301F-11D3-BF4B-00C04F79EFBC}") = "LoggingAndMonitoringWithDotNet", "LoggingAndMonitoringWithDotNet\LoggingAndMonitoringWithDotNet.csproj", "{7C12CCA4-3E53-48AD-A2B8-9FD7FBE6084D}"
EndProject
Project("{2150E333-8FDC-42A3-9474-1A3956D46DE8}") = "50 Chaos", "50 Chaos", "{B3377118-9B97-44F0-822E-02487379CFB2}"
EndProject
Project("{FAE04EC0-301F-11D3-BF4B-00C04F79EFBC}") = "BrewUp.StandardResilience", "BrewUp.StandardResilience\BrewUp.StandardResilience.csproj", "{810ED1FE-EEA8-44E0-A0DA-CC3C4987AA24}"
EndProject
Project("{FAE04EC0-301F-11D3-BF4B-00C04F79EFBC}") = "BrewUp.CircuitBreaker", "BrewUp.CircuitBreaker\BrewUp.CircuitBreaker.csproj", "{EF6BCDA9-7F5A-459B-AE46-AEA0D9D32B69}"
EndProject
Project("{FAE04EC0-301F-11D3-BF4B-00C04F79EFBC}") = "BrewUp.ChaosAndTelemetry", "BrewUp.ChaosAndTelemetry\BrewUp.ChaosAndTelemetry.csproj", "{B2962497-F23A-4410-9364-1446B2EC6BD1}"
EndProject
Global
	GlobalSection(SolutionConfigurationPlatforms) = preSolution
		Debug|Any CPU = Debug|Any CPU
		Release|Any CPU = Release|Any CPU
	EndGlobalSection
	GlobalSection(ProjectConfigurationPlatforms) = postSolution
		{7C12CCA4-3E53-48AD-A2B8-9FD7FBE6084D}.Debug|Any CPU.ActiveCfg = Debug|Any CPU
		{7C12CCA4-3E53-48AD-A2B8-9FD7FBE6084D}.Debug|Any CPU.Build.0 = Debug|Any CPU
		{7C12CCA4-3E53-48AD-A2B8-9FD7FBE6084D}.Release|Any CPU.ActiveCfg = Release|Any CPU
		{7C12CCA4-3E53-48AD-A2B8-9FD7FBE6084D}.Release|Any CPU.Build.0 = Release|Any CPU
		{810ED1FE-EEA8-44E0-A0DA-CC3C4987AA24}.Debug|Any CPU.ActiveCfg = Debug|Any CPU
		{810ED1FE-EEA8-44E0-A0DA-CC3C4987AA24}.Debug|Any CPU.Build.0 = Debug|Any CPU
		{810ED1FE-EEA8-44E0-A0DA-CC3C4987AA24}.Release|Any CPU.ActiveCfg = Release|Any CPU
		{810ED1FE-EEA8-44E0-A0DA-CC3C4987AA24}.Release|Any CPU.Build.0 = Release|Any CPU
		{EF6BCDA9-7F5A-459B-AE46-AEA0D9D32B69}.Debug|Any CPU.ActiveCfg = Debug|Any CPU
		{EF6BCDA9-7F5A-459B-AE46-AEA0D9D32B69}.Debug|Any CPU.Build.0 = Debug|Any CPU
		{EF6BCDA9-7F5A-459B-AE46-AEA0D9D32B69}.Release|Any CPU.ActiveCfg = Release|Any CPU
		{EF6BCDA9-7F5A-459B-AE46-AEA0D9D32B69}.Release|Any CPU.Build.0 = Release|Any CPU
		{B2962497-F23A-4410-9364-1446B2EC6BD1}.Debug|Any CPU.ActiveCfg = Debug|Any CPU
		{B2962497-F23A-4410-9364-1446B2EC6BD1}.Debug|Any CPU.Build.0 = Debug|Any CPU
		{B2962497-F23A-4410-9364-1446B2EC6BD1}.Release|Any CPU.ActiveCfg = Release|Any CPU
		{B2962497-F23A-4410-9364-1446B2EC6BD1}.Release|Any CPU.Build.0 = Release|Any CPU
	EndGlobalSection
	GlobalSection(SolutionProperties) = preSolution
		HideSolutionNode = FALSE
	EndGlobalSection
	GlobalSection(NestedProjects) = preSolution
		{7C12CCA4-3E53-48AD-A2B8-9FD7FBE6084D} = {8EEA1BF2-9613-4D3A-AB5D-DD8FA21B0ACD}
		{810ED1FE-EEA8-44E0-A0DA-CC3C4987AA24} = {B3377118-9B97-44F0-822E-02487379CFB2}
		{EF6BCDA9-7F5A-459B-AE46-AEA0D9D32B69} = {B3377118-9B97-44F0-822E-02487379CFB2}
		{B2962497-F23A-4410-9364-1446B2EC6BD1} = {B3377118-9B97-44F0-822E-02487379CFB2}
	EndGlobalSection
EndGlobal
